
Microsoft Visual Studio Solution File, Format Version 12.00
# Visual Studio 2013
VisualStudioVersion = 12.0.31101.0
MinimumVisualStudioVersion = 10.0.40219.1
Project("{8BC9CEB8-8B4A-11D0-8D11-00A0C91BC942}") = "GenesisEngine", "GenesisEngine\GenesisEngine.vcxproj", "{25AA5C2A-614B-4410-B66A-8B709BC3BF28}"
EndProject
Project("{FAE04EC0-301F-11D3-BF4B-00C04F79EFBC}") = "ScriptEngine", "ScriptEngineInterface\ScriptEngine.csproj", "{2BAAE0C6-8BA6-41E5-AF28-7D2BF882AC8C}"
EndProject
Project("{8BC9CEB8-8B4A-11D0-8D11-00A0C91BC942}") = "ScriptEngineConnector", "ScriptEngineConnector\ScriptEngineConnector.vcxproj", "{FC14C54B-95B1-43F3-A5F5-AE4AD03D553B}"
EndProject
Global
	GlobalSection(SolutionConfigurationPlatforms) = preSolution
		Debug|Any CPU = Debug|Any CPU
		Debug|Mixed Platforms = Debug|Mixed Platforms
		Debug|Win32 = Debug|Win32
		Release|Any CPU = Release|Any CPU
		Release|Mixed Platforms = Release|Mixed Platforms
		Release|Win32 = Release|Win32
	EndGlobalSection
	GlobalSection(ProjectConfigurationPlatforms) = postSolution
		{25AA5C2A-614B-4410-B66A-8B709BC3BF28}.Debug|Any CPU.ActiveCfg = Debug|Win32
		{25AA5C2A-614B-4410-B66A-8B709BC3BF28}.Debug|Mixed Platforms.ActiveCfg = Debug|Win32
		{25AA5C2A-614B-4410-B66A-8B709BC3BF28}.Debug|Mixed Platforms.Build.0 = Debug|Win32
		{25AA5C2A-614B-4410-B66A-8B709BC3BF28}.Debug|Win32.ActiveCfg = Debug|Win32
		{25AA5C2A-614B-4410-B66A-8B709BC3BF28}.Debug|Win32.Build.0 = Debug|Win32
		{25AA5C2A-614B-4410-B66A-8B709BC3BF28}.Release|Any CPU.ActiveCfg = Release|Win32
		{25AA5C2A-614B-4410-B66A-8B709BC3BF28}.Release|Mixed Platforms.ActiveCfg = Release|Win32
		{25AA5C2A-614B-4410-B66A-8B709BC3BF28}.Release|Mixed Platforms.Build.0 = Release|Win32
		{25AA5C2A-614B-4410-B66A-8B709BC3BF28}.Release|Win32.ActiveCfg = Release|Win32
		{25AA5C2A-614B-4410-B66A-8B709BC3BF28}.Release|Win32.Build.0 = Release|Win32
		{2BAAE0C6-8BA6-41E5-AF28-7D2BF882AC8C}.Debug|Any CPU.ActiveCfg = Debug|Any CPU
		{2BAAE0C6-8BA6-41E5-AF28-7D2BF882AC8C}.Debug|Any CPU.Build.0 = Debug|Any CPU
		{2BAAE0C6-8BA6-41E5-AF28-7D2BF882AC8C}.Debug|Mixed Platforms.ActiveCfg = Debug|Any CPU
		{2BAAE0C6-8BA6-41E5-AF28-7D2BF882AC8C}.Debug|Mixed Platforms.Build.0 = Debug|Any CPU
		{2BAAE0C6-8BA6-41E5-AF28-7D2BF882AC8C}.Debug|Win32.ActiveCfg = Debug|Any CPU
		{2BAAE0C6-8BA6-41E5-AF28-7D2BF882AC8C}.Release|Any CPU.ActiveCfg = Release|Any CPU
		{2BAAE0C6-8BA6-41E5-AF28-7D2BF882AC8C}.Release|Any CPU.Build.0 = Release|Any CPU
		{2BAAE0C6-8BA6-41E5-AF28-7D2BF882AC8C}.Release|Mixed Platforms.ActiveCfg = Release|Any CPU
		{2BAAE0C6-8BA6-41E5-AF28-7D2BF882AC8C}.Release|Mixed Platforms.Build.0 = Release|Any CPU
		{2BAAE0C6-8BA6-41E5-AF28-7D2BF882AC8C}.Release|Win32.ActiveCfg = Release|Any CPU
		{FC14C54B-95B1-43F3-A5F5-AE4AD03D553B}.Debug|Any CPU.ActiveCfg = Debug|Win32
		{FC14C54B-95B1-43F3-A5F5-AE4AD03D553B}.Debug|Mixed Platforms.ActiveCfg = Debug|Win32
		{FC14C54B-95B1-43F3-A5F5-AE4AD03D553B}.Debug|Mixed Platforms.Build.0 = Debug|Win32
		{FC14C54B-95B1-43F3-A5F5-AE4AD03D553B}.Debug|Win32.ActiveCfg = Debug|Win32
		{FC14C54B-95B1-43F3-A5F5-AE4AD03D553B}.Debug|Win32.Build.0 = Debug|Win32
		{FC14C54B-95B1-43F3-A5F5-AE4AD03D553B}.Release|Any CPU.ActiveCfg = Release|Win32
		{FC14C54B-95B1-43F3-A5F5-AE4AD03D553B}.Release|Mixed Platforms.ActiveCfg = Release|Win32
		{FC14C54B-95B1-43F3-A5F5-AE4AD03D553B}.Release|Mixed Platforms.Build.0 = Release|Win32
		{FC14C54B-95B1-43F3-A5F5-AE4AD03D553B}.Release|Win32.ActiveCfg = Release|Win32
		{FC14C54B-95B1-43F3-A5F5-AE4AD03D553B}.Release|Win32.Build.0 = Release|Win32
	EndGlobalSection
	GlobalSection(SolutionProperties) = preSolution
		HideSolutionNode = FALSE
	EndGlobalSection
EndGlobal
