
Microsoft Visual Studio Solution File, Format Version 12.00
# Visual Studio 2013
VisualStudioVersion = 12.0.21005.1
MinimumVisualStudioVersion = 10.0.40219.1
Project("{8BC9CEB8-8B4A-11D0-8D11-00A0C91BC942}") = "unifont", "unifont\unifont.vcxproj", "{6428C6F3-37E7-46D4-998D-65C8216D7C24}"
EndProject
Project("{8BC9CEB8-8B4A-11D0-8D11-00A0C91BC942}") = "unifonte", "unifont\unifonte.vcxproj", "{58F84211-AF2F-4790-974F-EE2D13A0FCEB}"
EndProject
Global
	GlobalSection(SolutionConfigurationPlatforms) = preSolution
		Debug|Win32 = Debug|Win32
		Release|Win32 = Release|Win32
		Template|Win32 = Template|Win32
	EndGlobalSection
	GlobalSection(ProjectConfigurationPlatforms) = postSolution
		{6428C6F3-37E7-46D4-998D-65C8216D7C24}.Debug|Win32.ActiveCfg = Debug|Win32
		{6428C6F3-37E7-46D4-998D-65C8216D7C24}.Debug|Win32.Build.0 = Debug|Win32
		{6428C6F3-37E7-46D4-998D-65C8216D7C24}.Release|Win32.ActiveCfg = Release|Win32
		{6428C6F3-37E7-46D4-998D-65C8216D7C24}.Release|Win32.Build.0 = Release|Win32
		{6428C6F3-37E7-46D4-998D-65C8216D7C24}.Template|Win32.ActiveCfg = Release|Win32
		{6428C6F3-37E7-46D4-998D-65C8216D7C24}.Template|Win32.Build.0 = Release|Win32
		{58F84211-AF2F-4790-974F-EE2D13A0FCEB}.Debug|Win32.ActiveCfg = Debug|Win32
		{58F84211-AF2F-4790-974F-EE2D13A0FCEB}.Debug|Win32.Build.0 = Debug|Win32
		{58F84211-AF2F-4790-974F-EE2D13A0FCEB}.Release|Win32.ActiveCfg = Release|Win32
		{58F84211-AF2F-4790-974F-EE2D13A0FCEB}.Release|Win32.Build.0 = Release|Win32
		{58F84211-AF2F-4790-974F-EE2D13A0FCEB}.Template|Win32.ActiveCfg = Template|Win32
		{58F84211-AF2F-4790-974F-EE2D13A0FCEB}.Template|Win32.Build.0 = Template|Win32
	EndGlobalSection
	GlobalSection(SolutionProperties) = preSolution
		HideSolutionNode = FALSE
	EndGlobalSection
EndGlobal
